// !$*UTF8*$!
{
	archiveVersion = 1;
	classes = {
	};
	objectVersion = 46;
	objects = {

/* Begin PBXBuildFile section */
		B0C3F4EF1EFB776600CBDF12 /* main.m in Sources */ = {isa = PBXBuildFile; fileRef = B0C3F4EE1EFB776600CBDF12 /* main.m */; };
		B0C3F4F21EFB776600CBDF12 /* AppDelegate.m in Sources */ = {isa = PBXBuildFile; fileRef = B0C3F4F11EFB776600CBDF12 /* AppDelegate.m */; };
		B0C3F4F51EFB776600CBDF12 /* ViewController.m in Sources */ = {isa = PBXBuildFile; fileRef = B0C3F4F41EFB776600CBDF12 /* ViewController.m */; };
		B0C3F4F81EFB776600CBDF12 /* Main.storyboard in Resources */ = {isa = PBXBuildFile; fileRef = B0C3F4F61EFB776600CBDF12 /* Main.storyboard */; };
		B0C3F4FA1EFB776600CBDF12 /* Assets.xcassets in Resources */ = {isa = PBXBuildFile; fileRef = B0C3F4F91EFB776600CBDF12 /* Assets.xcassets */; };
		B0C3F4FD1EFB776600CBDF12 /* LaunchScreen.storyboard in Resources */ = {isa = PBXBuildFile; fileRef = B0C3F4FB1EFB776600CBDF12 /* LaunchScreen.storyboard */; };
		FE47193644248ED2698A6C6F /* libPods-Future.a in Frameworks */ = {isa = PBXBuildFile; fileRef = 855A741E0141A8F45CE67343 /* libPods-Future.a */; };
/* End PBXBuildFile section */

/* Begin PBXFileReference section */
		855A741E0141A8F45CE67343 /* libPods-Future.a */ = {isa = PBXFileReference; explicitFileType = archive.ar; includeInIndex = 0; path = "libPods-Future.a"; sourceTree = BUILT_PRODUCTS_DIR; };
		96AB7F214C5F96AD4838F9A1 /* Pods-Future.debug.xcconfig */ = {isa = PBXFileReference; includeInIndex = 1; lastKnownFileType = text.xcconfig; name = "Pods-Future.debug.xcconfig"; path = "Pods/Target Support Files/Pods-Future/Pods-Future.debug.xcconfig"; sourceTree = "<group>"; };
		B0C3F4EA1EFB776500CBDF12 /* Future.app */ = {isa = PBXFileReference; explicitFileType = wrapper.application; includeInIndex = 0; path = Future.app; sourceTree = BUILT_PRODUCTS_DIR; };
		B0C3F4EE1EFB776600CBDF12 /* main.m */ = {isa = PBXFileReference; lastKnownFileType = sourcecode.c.objc; path = main.m; sourceTree = "<group>"; };
		B0C3F4F01EFB776600CBDF12 /* AppDelegate.h */ = {isa = PBXFileReference; lastKnownFileType = sourcecode.c.h; path = AppDelegate.h; sourceTree = "<group>"; };
		B0C3F4F11EFB776600CBDF12 /* AppDelegate.m */ = {isa = PBXFileReference; lastKnownFileType = sourcecode.c.objc; path = AppDelegate.m; sourceTree = "<group>"; };
		B0C3F4F31EFB776600CBDF12 /* ViewController.h */ = {isa = PBXFileReference; lastKnownFileType = sourcecode.c.h; path = ViewController.h; sourceTree = "<group>"; };
		B0C3F4F41EFB776600CBDF12 /* ViewController.m */ = {isa = PBXFileReference; lastKnownFileType = sourcecode.c.objc; path = ViewController.m; sourceTree = "<group>"; };
		B0C3F4F71EFB776600CBDF12 /* Base */ = {isa = PBXFileReference; lastKnownFileType = file.storyboard; name = Base; path = Base.lproj/Main.storyboard; sourceTree = "<group>"; };
		B0C3F4F91EFB776600CBDF12 /* Assets.xcassets */ = {isa = PBXFileReference; lastKnownFileType = folder.assetcatalog; path = Assets.xcassets; sourceTree = "<group>"; };
		B0C3F4FC1EFB776600CBDF12 /* Base */ = {isa = PBXFileReference; lastKnownFileType = file.storyboard; name = Base; path = Base.lproj/LaunchScreen.storyboard; sourceTree = "<group>"; };
		B0C3F4FE1EFB776600CBDF12 /* Info.plist */ = {isa = PBXFileReference; lastKnownFileType = text.plist.xml; path = Info.plist; sourceTree = "<group>"; };
		B15EE170ED4B18500AFF5D26 /* Pods-Future.release.xcconfig */ = {isa = PBXFileReference; includeInIndex = 1; lastKnownFileType = text.xcconfig; name = "Pods-Future.release.xcconfig"; path = "Pods/Target Support Files/Pods-Future/Pods-Future.release.xcconfig"; sourceTree = "<group>"; };
/* End PBXFileReference section */

/* Begin PBXFrameworksBuildPhase section */
		B0C3F4E71EFB776500CBDF12 /* Frameworks */ = {
			isa = PBXFrameworksBuildPhase;
			buildActionMask = 2147483647;
			files = (
				FE47193644248ED2698A6C6F /* libPods-Future.a in Frameworks */,
			);
			runOnlyForDeploymentPostprocessing = 0;
		};
/* End PBXFrameworksBuildPhase section */

/* Begin PBXGroup section */
		7D57297C7CECDC491765C50E /* Pods */ = {
			isa = PBXGroup;
			children = (
				96AB7F214C5F96AD4838F9A1 /* Pods-Future.debug.xcconfig */,
				B15EE170ED4B18500AFF5D26 /* Pods-Future.release.xcconfig */,
			);
			name = Pods;
			sourceTree = "<group>";
		};
		B0C3F4E11EFB776500CBDF12 = {
			isa = PBXGroup;
			children = (
				B0C3F4EC1EFB776600CBDF12 /* Future */,
				B0C3F4EB1EFB776500CBDF12 /* Products */,
				7D57297C7CECDC491765C50E /* Pods */,
				F0CCFFFD92D907496EB188A9 /* Frameworks */,
			);
			sourceTree = "<group>";
		};
		B0C3F4EB1EFB776500CBDF12 /* Products */ = {
			isa = PBXGroup;
			children = (
				B0C3F4EA1EFB776500CBDF12 /* Future.app */,
			);
			name = Products;
			sourceTree = "<group>";
		};
		B0C3F4EC1EFB776600CBDF12 /* Future */ = {
			isa = PBXGroup;
			children = (
				B0C3F4F01EFB776600CBDF12 /* AppDelegate.h */,
				B0C3F4F11EFB776600CBDF12 /* AppDelegate.m */,
				B0C3F4F31EFB776600CBDF12 /* ViewController.h */,
				B0C3F4F41EFB776600CBDF12 /* ViewController.m */,
				B0C3F4F61EFB776600CBDF12 /* Main.storyboard */,
				B0C3F4F91EFB776600CBDF12 /* Assets.xcassets */,
				B0C3F4FB1EFB776600CBDF12 /* LaunchScreen.storyboard */,
				B0C3F4FE1EFB776600CBDF12 /* Info.plist */,
				B0C3F4ED1EFB776600CBDF12 /* Supporting Files */,
			);
			path = Future;
			sourceTree = "<group>";
		};
		B0C3F4ED1EFB776600CBDF12 /* Supporting Files */ = {
			isa = PBXGroup;
			children = (
				B0C3F4EE1EFB776600CBDF12 /* main.m */,
			);
			name = "Supporting Files";
			sourceTree = "<group>";
		};
		F0CCFFFD92D907496EB188A9 /* Frameworks */ = {
			isa = PBXGroup;
			children = (
				855A741E0141A8F45CE67343 /* libPods-Future.a */,
			);
			name = Frameworks;
			sourceTree = "<group>";
		};
/* End PBXGroup section */

/* Begin PBXNativeTarget section */
		B0C3F4E91EFB776500CBDF12 /* Future */ = {
			isa = PBXNativeTarget;
			buildConfigurationList = B0C3F5011EFB776600CBDF12 /* Build configuration list for PBXNativeTarget "Future" */;
			buildPhases = (
				3B8B2AE6557F69DCB1942797 /* [CP] Check Pods Manifest.lock */,
				B0C3F4E61EFB776500CBDF12 /* Sources */,
				B0C3F4E71EFB776500CBDF12 /* Frameworks */,
				B0C3F4E81EFB776500CBDF12 /* Resources */,
				B5907BA43FD9AD4338D49E3D /* [CP] Embed Pods Frameworks */,
				908D64B27A9A5188E2DE4DED /* [CP] Copy Pods Resources */,
			);
			buildRules = (
			);
			dependencies = (
			);
			name = Future;
			productName = Future;
			productReference = B0C3F4EA1EFB776500CBDF12 /* Future.app */;
			productType = "com.apple.product-type.application";
		};
/* End PBXNativeTarget section */

/* Begin PBXProject section */
		B0C3F4E21EFB776500CBDF12 /* Project object */ = {
			isa = PBXProject;
			attributes = {
				LastUpgradeCheck = 0830;
				ORGANIZATIONNAME = GodHuTeam;
				TargetAttributes = {
					B0C3F4E91EFB776500CBDF12 = {
						CreatedOnToolsVersion = 8.3.3;
						ProvisioningStyle = Automatic;
					};
				};
			};
			buildConfigurationList = B0C3F4E51EFB776500CBDF12 /* Build configuration list for PBXProject "Future" */;
			compatibilityVersion = "Xcode 3.2";
			developmentRegion = English;
			hasScannedForEncodings = 0;
			knownRegions = (
				en,
				Base,
			);
			mainGroup = B0C3F4E11EFB776500CBDF12;
			productRefGroup = B0C3F4EB1EFB776500CBDF12 /* Products */;
			projectDirPath = "";
			projectRoot = "";
			targets = (
				B0C3F4E91EFB776500CBDF12 /* Future */,
			);
		};
/* End PBXProject section */

/* Begin PBXResourcesBuildPhase section */
		B0C3F4E81EFB776500CBDF12 /* Resources */ = {
			isa = PBXResourcesBuildPhase;
			buildActionMask = 2147483647;
			files = (
				B0C3F4FD1EFB776600CBDF12 /* LaunchScreen.storyboard in Resources */,
				B0C3F4FA1EFB776600CBDF12 /* Assets.xcassets in Resources */,
				B0C3F4F81EFB776600CBDF12 /* Main.storyboard in Resources */,
			);
			runOnlyForDeploymentPostprocessing = 0;
		};
/* End PBXResourcesBuildPhase section */

/* Begin PBXShellScriptBuildPhase section */
		3B8B2AE6557F69DCB1942797 /* [CP] Check Pods Manifest.lock */ = {
			isa = PBXShellScriptBuildPhase;
			buildActionMask = 2147483647;
			files = (
			);
			inputPaths = (
			);
			name = "[CP] Check Pods Manifest.lock";
			outputPaths = (
			);
			runOnlyForDeploymentPostprocessing = 0;
			shellPath = /bin/sh;
			shellScript = "diff \"${PODS_ROOT}/../Podfile.lock\" \"${PODS_ROOT}/Manifest.lock\" > /dev/null\nif [ $? != 0 ] ; then\n    # print error to STDERR\n    echo \"error: The sandbox is not in sync with the Podfile.lock. Run 'pod install' or update your CocoaPods installation.\" >&2\n    exit 1\nfi\n";
			showEnvVarsInLog = 0;
		};
		908D64B27A9A5188E2DE4DED /* [CP] Copy Pods Resources */ = {
			isa = PBXShellScriptBuildPhase;
			buildActionMask = 2147483647;
			files = (
			);
			inputPaths = (
			);
			name = "[CP] Copy Pods Resources";
			outputPaths = (
			);
			runOnlyForDeploymentPostprocessing = 0;
			shellPath = /bin/sh;
			shellScript = "\"${SRCROOT}/Pods/Target Support Files/Pods-Future/Pods-Future-resources.sh\"\n";
			showEnvVarsInLog = 0;
		};
		B5907BA43FD9AD4338D49E3D /* [CP] Embed Pods Frameworks */ = {
			isa = PBXShellScriptBuildPhase;
			buildActionMask = 2147483647;
			files = (
			);
			inputPaths = (
			);
			name = "[CP] Embed Pods Frameworks";
			outputPaths = (
			);
			runOnlyForDeploymentPostprocessing = 0;
			shellPath = /bin/sh;
			shellScript = "\"${SRCROOT}/Pods/Target Support Files/Pods-Future/Pods-Future-frameworks.sh\"\n";
			showEnvVarsInLog = 0;
		};
/* End PBXShellScriptBuildPhase section */

/* Begin PBXSourcesBuildPhase section */
		B0C3F4E61EFB776500CBDF12 /* Sources */ = {
			isa = PBXSourcesBuildPhase;
			buildActionMask = 2147483647;
			files = (
				B0C3F4F51EFB776600CBDF12 /* ViewController.m in Sources */,
				B0C3F4F21EFB776600CBDF12 /* AppDelegate.m in Sources */,
				B0C3F4EF1EFB776600CBDF12 /* main.m in Sources */,
			);
			runOnlyForDeploymentPostprocessing = 0;
		};
/* End PBXSourcesBuildPhase section */

/* Begin PBXVariantGroup section */
		B0C3F4F61EFB776600CBDF12 /* Main.storyboard */ = {
			isa = PBXVariantGroup;
			children = (
				B0C3F4F71EFB776600CBDF12 /* Base */,
			);
			name = Main.storyboard;
			sourceTree = "<group>";
		};
		B0C3F4FB1EFB776600CBDF12 /* LaunchScreen.storyboard */ = {
			isa = PBXVariantGroup;
			children = (
				B0C3F4FC1EFB776600CBDF12 /* Base */,
			);
			name = LaunchScreen.storyboard;
			sourceTree = "<group>";
		};
/* End PBXVariantGroup section */

/* Begin XCBuildConfiguration section */
		B0C3F4FF1EFB776600CBDF12 /* Debug */ = {
			isa = XCBuildConfiguration;
			buildSettings = {
				ALWAYS_SEARCH_USER_PATHS = NO;
				CLANG_ANALYZER_NONNULL = YES;
				CLANG_ANALYZER_NUMBER_OBJECT_CONVERSION = YES_AGGRESSIVE;
				CLANG_CXX_LANGUAGE_STANDARD = "gnu++0x";
				CLANG_CXX_LIBRARY = "libc++";
				CLANG_ENABLE_MODULES = YES;
				CLANG_ENABLE_OBJC_ARC = YES;
				CLANG_WARN_BOOL_CONVERSION = YES;
				CLANG_WARN_CONSTANT_CONVERSION = YES;
				CLANG_WARN_DIRECT_OBJC_ISA_USAGE = YES_ERROR;
				CLANG_WARN_DOCUMENTATION_COMMENTS = YES;
				CLANG_WARN_EMPTY_BODY = YES;
				CLANG_WARN_ENUM_CONVERSION = YES;
				CLANG_WARN_INFINITE_RECURSION = YES;
				CLANG_WARN_INT_CONVERSION = YES;
				CLANG_WARN_OBJC_ROOT_CLASS = YES_ERROR;
				CLANG_WARN_SUSPICIOUS_MOVE = YES;
				CLANG_WARN_UNREACHABLE_CODE = YES;
				CLANG_WARN__DUPLICATE_METHOD_MATCH = YES;
				"CODE_SIGN_IDENTITY[sdk=iphoneos*]" = "iPhone Developer";
				COPY_PHASE_STRIP = NO;
				DEBUG_INFORMATION_FORMAT = dwarf;
				ENABLE_STRICT_OBJC_MSGSEND = YES;
				ENABLE_TESTABILITY = YES;
				GCC_C_LANGUAGE_STANDARD = gnu99;
				GCC_DYNAMIC_NO_PIC = NO;
				GCC_NO_COMMON_BLOCKS = YES;
				GCC_OPTIMIZATION_LEVEL = 0;
				GCC_PREPROCESSOR_DEFINITIONS = (
					"DEBUG=1",
					"$(inherited)",
				);
				GCC_WARN_64_TO_32_BIT_CONVERSION = YES;
				GCC_WARN_ABOUT_RETURN_TYPE = YES_ERROR;
				GCC_WARN_UNDECLARED_SELECTOR = YES;
				GCC_WARN_UNINITIALIZED_AUTOS = YES_AGGRESSIVE;
				GCC_WARN_UNUSED_FUNCTION = YES;
				GCC_WARN_UNUSED_VARIABLE = YES;
				IPHONEOS_DEPLOYMENT_TARGET = 9.0;
				MTL_ENABLE_DEBUG_INFO = YES;
				ONLY_ACTIVE_ARCH = YES;
				SDKROOT = iphoneos;
			};
			name = Debug;
		};
		B0C3F5001EFB776600CBDF12 /* Release */ = {
			isa = XCBuildConfiguration;
			buildSettings = {
				ALWAYS_SEARCH_USER_PATHS = NO;
				CLANG_ANALYZER_NONNULL = YES;
				CLANG_ANALYZER_NUMBER_OBJECT_CONVERSION = YES_AGGRESSIVE;
				CLANG_CXX_LANGUAGE_STANDARD = "gnu++0x";
				CLANG_CXX_LIBRARY = "libc++";
				CLANG_ENABLE_MODULES = YES;
				CLANG_ENABLE_OBJC_ARC = YES;
				CLANG_WARN_BOOL_CONVERSION = YES;
				CLANG_WARN_CONSTANT_CONVERSION = YES;
				CLANG_WARN_DIRECT_OBJC_ISA_USAGE = YES_ERROR;
				CLANG_WARN_DOCUMENTATION_COMMENTS = YES;
				CLANG_WARN_EMPTY_BODY = YES;
				CLANG_WARN_ENUM_CONVERSION = YES;
				CLANG_WARN_INFINITE_RECURSION = YES;
				CLANG_WARN_INT_CONVERSION = YES;
				CLANG_WARN_OBJC_ROOT_CLASS = YES_ERROR;
				CLANG_WARN_SUSPICIOUS_MOVE = YES;
				CLANG_WARN_UNREACHABLE_CODE = YES;
				CLANG_WARN__DUPLICATE_METHOD_MATCH = YES;
				"CODE_SIGN_IDENTITY[sdk=iphoneos*]" = "iPhone Developer";
				COPY_PHASE_STRIP = NO;
				DEBUG_INFORMATION_FORMAT = "dwarf-with-dsym";
				ENABLE_NS_ASSERTIONS = NO;
				ENABLE_STRICT_OBJC_MSGSEND = YES;
				GCC_C_LANGUAGE_STANDARD = gnu99;
				GCC_NO_COMMON_BLOCKS = YES;
				GCC_WARN_64_TO_32_BIT_CONVERSION = YES;
				GCC_WARN_ABOUT_RETURN_TYPE = YES_ERROR;
				GCC_WARN_UNDECLARED_SELECTOR = YES;
				GCC_WARN_UNINITIALIZED_AUTOS = YES_AGGRESSIVE;
				GCC_WARN_UNUSED_FUNCTION = YES;
				GCC_WARN_UNUSED_VARIABLE = YES;
				IPHONEOS_DEPLOYMENT_TARGET = 9.0;
				MTL_ENABLE_DEBUG_INFO = NO;
				SDKROOT = iphoneos;
				VALIDATE_PRODUCT = YES;
			};
			name = Release;
		};
		B0C3F5021EFB776600CBDF12 /* Debug */ = {
			isa = XCBuildConfiguration;
			baseConfigurationReference = 96AB7F214C5F96AD4838F9A1 /* Pods-Future.debug.xcconfig */;
			buildSettings = {
				ASSETCATALOG_COMPILER_APPICON_NAME = AppIcon;
				INFOPLIST_FILE = Future/Info.plist;
				IPHONEOS_DEPLOYMENT_TARGET = 9.0;
				LD_RUNPATH_SEARCH_PATHS = "$(inherited) @executable_path/Frameworks";
				PRODUCT_BUNDLE_IDENTIFIER = com.GodHu.Future;
				PRODUCT_NAME = "$(TARGET_NAME)";
			};
			name = Debug;
		};
		B0C3F5031EFB776600CBDF12 /* Release */ = {
			isa = XCBuildConfiguration;
			baseConfigurationReference = B15EE170ED4B18500AFF5D26 /* Pods-Future.release.xcconfig */;
			buildSettings = {
				ASSETCATALOG_COMPILER_APPICON_NAME = AppIcon;
				INFOPLIST_FILE = Future/Info.plist;
				IPHONEOS_DEPLOYMENT_TARGET = 9.0;
				LD_RUNPATH_SEARCH_PATHS = "$(inherited) @executable_path/Frameworks";
				PRODUCT_BUNDLE_IDENTIFIER = com.GodHu.Future;
				PRODUCT_NAME = "$(TARGET_NAME)";
			};
			name = Release;
		};
/* End XCBuildConfiguration section */

/* Begin XCConfigurationList section */
		B0C3F4E51EFB776500CBDF12 /* Build configuration list for PBXProject "Future" */ = {
			isa = XCConfigurationList;
			buildConfigurations = (
				B0C3F4FF1EFB776600CBDF12 /* Debug */,
				B0C3F5001EFB776600CBDF12 /* Release */,
			);
			defaultConfigurationIsVisible = 0;
			defaultConfigurationName = Release;
		};
		B0C3F5011EFB776600CBDF12 /* Build configuration list for PBXNativeTarget "Future" */ = {
			isa = XCConfigurationList;
			buildConfigurations = (
				B0C3F5021EFB776600CBDF12 /* Debug */,
				B0C3F5031EFB776600CBDF12 /* Release */,
			);
			defaultConfigurationIsVisible = 0;
		};
/* End XCConfigurationList section */
	};
	rootObject = B0C3F4E21EFB776500CBDF12 /* Project object */;
}
